// !$*UTF8*$!
{
	archiveVersion = 1;
	classes = {
	};
	objectVersion = 55;
	objects = {

/* Begin PBXBuildFile section */
		A4229AED28C4D8CD00303558 /* main.cpp in Sources */ = {isa = PBXBuildFile; fileRef = A4229AEC28C4D8CD00303558 /* main.cpp */; };
		A4229B0328C4D91C00303558 /* main.cpp in Sources */ = {isa = PBXBuildFile; fileRef = A4229B0228C4D91C00303558 /* main.cpp */; };
		A4229B1928C4DA0A00303558 /* main.cpp in Sources */ = {isa = PBXBuildFile; fileRef = A4229B1828C4DA0A00303558 /* main.cpp */; };
		A4229B3028C4DB2000303558 /* main.cpp in Sources */ = {isa = PBXBuildFile; fileRef = A4229B2F28C4DB2000303558 /* main.cpp */; };
		A4229B4628C4DBCB00303558 /* main.cpp in Sources */ = {isa = PBXBuildFile; fileRef = A4229B4528C4DBCB00303558 /* main.cpp */; };
		A436DC2728C3944C004AF7E9 /* main.cpp in Sources */ = {isa = PBXBuildFile; fileRef = A436DC2628C3944C004AF7E9 /* main.cpp */; };
		A436DC3228C395CA004AF7E9 /* main.cpp in Sources */ = {isa = PBXBuildFile; fileRef = A436DC3128C395CA004AF7E9 /* main.cpp */; };
		A436DC3D28C395D6004AF7E9 /* main.cpp in Sources */ = {isa = PBXBuildFile; fileRef = A436DC3C28C395D6004AF7E9 /* main.cpp */; };
		A436DC4828C395E6004AF7E9 /* main.cpp in Sources */ = {isa = PBXBuildFile; fileRef = A436DC4728C395E6004AF7E9 /* main.cpp */; };
		A436DC5328C3961D004AF7E9 /* main.cpp in Sources */ = {isa = PBXBuildFile; fileRef = A436DC5228C3961D004AF7E9 /* main.cpp */; };
		A436DC5E28C39625004AF7E9 /* main.cpp in Sources */ = {isa = PBXBuildFile; fileRef = A436DC5D28C39625004AF7E9 /* main.cpp */; };
		A436DC6928C3962D004AF7E9 /* main.cpp in Sources */ = {isa = PBXBuildFile; fileRef = A436DC6828C3962D004AF7E9 /* main.cpp */; };
		A436DC7428C3963B004AF7E9 /* main.cpp in Sources */ = {isa = PBXBuildFile; fileRef = A436DC7328C3963B004AF7E9 /* main.cpp */; };
		A436DC7F28C39642004AF7E9 /* main.cpp in Sources */ = {isa = PBXBuildFile; fileRef = A436DC7E28C39642004AF7E9 /* main.cpp */; };
		A4A19DED28C38B4600C819D5 /* main.cpp in Sources */ = {isa = PBXBuildFile; fileRef = A4A19DEC28C38B4600C819D5 /* main.cpp */; };
		A4F7ECEF28C62D7F00A78E9D /* main.cpp in Sources */ = {isa = PBXBuildFile; fileRef = A4F7ECEE28C62D7F00A78E9D /* main.cpp */; };
		A4F7ECFA28C6335C00A78E9D /* main.cpp in Sources */ = {isa = PBXBuildFile; fileRef = A4F7ECF928C6335C00A78E9D /* main.cpp */; };
		A4F7ED0528C6349900A78E9D /* main.cpp in Sources */ = {isa = PBXBuildFile; fileRef = A4F7ED0428C6349900A78E9D /* main.cpp */; };
/* End PBXBuildFile section */

/* Begin PBXCopyFilesBuildPhase section */
		A4229AE828C4D8CD00303558 /* CopyFiles */ = {
			isa = PBXCopyFilesBuildPhase;
			buildActionMask = 2147483647;
			dstPath = /usr/share/man/man1/;
			dstSubfolderSpec = 0;
			files = (
			);
			runOnlyForDeploymentPostprocessing = 1;
		};
		A4229AFE28C4D91C00303558 /* CopyFiles */ = {
			isa = PBXCopyFilesBuildPhase;
			buildActionMask = 2147483647;
			dstPath = /usr/share/man/man1/;
			dstSubfolderSpec = 0;
			files = (
			);
			runOnlyForDeploymentPostprocessing = 1;
		};
		A4229B1428C4DA0A00303558 /* CopyFiles */ = {
			isa = PBXCopyFilesBuildPhase;
			buildActionMask = 2147483647;
			dstPath = /usr/share/man/man1/;
			dstSubfolderSpec = 0;
			files = (
			);
			runOnlyForDeploymentPostprocessing = 1;
		};
		A4229B2B28C4DB2000303558 /* CopyFiles */ = {
			isa = PBXCopyFilesBuildPhase;
			buildActionMask = 2147483647;
			dstPath = /usr/share/man/man1/;
			dstSubfolderSpec = 0;
			files = (
			);
			runOnlyForDeploymentPostprocessing = 1;
		};
		A4229B4128C4DBCB00303558 /* CopyFiles */ = {
			isa = PBXCopyFilesBuildPhase;
			buildActionMask = 2147483647;
			dstPath = /usr/share/man/man1/;
			dstSubfolderSpec = 0;
			files = (
			);
			runOnlyForDeploymentPostprocessing = 1;
		};
		A436DC2228C3944C004AF7E9 /* CopyFiles */ = {
			isa = PBXCopyFilesBuildPhase;
			buildActionMask = 2147483647;
			dstPath = /usr/share/man/man1/;
			dstSubfolderSpec = 0;
			files = (
			);
			runOnlyForDeploymentPostprocessing = 1;
		};
		A436DC2D28C395CA004AF7E9 /* CopyFiles */ = {
			isa = PBXCopyFilesBuildPhase;
			buildActionMask = 2147483647;
			dstPath = /usr/share/man/man1/;
			dstSubfolderSpec = 0;
			files = (
			);
			runOnlyForDeploymentPostprocessing = 1;
		};
		A436DC3828C395D6004AF7E9 /* CopyFiles */ = {
			isa = PBXCopyFilesBuildPhase;
			buildActionMask = 2147483647;
			dstPath = /usr/share/man/man1/;
			dstSubfolderSpec = 0;
			files = (
			);
			runOnlyForDeploymentPostprocessing = 1;
		};
		A436DC4328C395E6004AF7E9 /* CopyFiles */ = {
			isa = PBXCopyFilesBuildPhase;
			buildActionMask = 2147483647;
			dstPath = /usr/share/man/man1/;
			dstSubfolderSpec = 0;
			files = (
			);
			runOnlyForDeploymentPostprocessing = 1;
		};
		A436DC4E28C3961D004AF7E9 /* CopyFiles */ = {
			isa = PBXCopyFilesBuildPhase;
			buildActionMask = 2147483647;
			dstPath = /usr/share/man/man1/;
			dstSubfolderSpec = 0;
			files = (
			);
			runOnlyForDeploymentPostprocessing = 1;
		};
		A436DC5928C39625004AF7E9 /* CopyFiles */ = {
			isa = PBXCopyFilesBuildPhase;
			buildActionMask = 2147483647;
			dstPath = /usr/share/man/man1/;
			dstSubfolderSpec = 0;
			files = (
			);
			runOnlyForDeploymentPostprocessing = 1;
		};
		A436DC6428C3962D004AF7E9 /* CopyFiles */ = {
			isa = PBXCopyFilesBuildPhase;
			buildActionMask = 2147483647;
			dstPath = /usr/share/man/man1/;
			dstSubfolderSpec = 0;
			files = (
			);
			runOnlyForDeploymentPostprocessing = 1;
		};
		A436DC6F28C3963B004AF7E9 /* CopyFiles */ = {
			isa = PBXCopyFilesBuildPhase;
			buildActionMask = 2147483647;
			dstPath = /usr/share/man/man1/;
			dstSubfolderSpec = 0;
			files = (
			);
			runOnlyForDeploymentPostprocessing = 1;
		};
		A436DC7A28C39642004AF7E9 /* CopyFiles */ = {
			isa = PBXCopyFilesBuildPhase;
			buildActionMask = 2147483647;
			dstPath = /usr/share/man/man1/;
			dstSubfolderSpec = 0;
			files = (
			);
			runOnlyForDeploymentPostprocessing = 1;
		};
		A4A19DE728C38B4600C819D5 /* CopyFiles */ = {
			isa = PBXCopyFilesBuildPhase;
			buildActionMask = 2147483647;
			dstPath = /usr/share/man/man1/;
			dstSubfolderSpec = 0;
			files = (
			);
			runOnlyForDeploymentPostprocessing = 1;
		};
		A4F7ECEA28C62D7F00A78E9D /* CopyFiles */ = {
			isa = PBXCopyFilesBuildPhase;
			buildActionMask = 2147483647;
			dstPath = /usr/share/man/man1/;
			dstSubfolderSpec = 0;
			files = (
			);
			runOnlyForDeploymentPostprocessing = 1;
		};
		A4F7ECF528C6335C00A78E9D /* CopyFiles */ = {
			isa = PBXCopyFilesBuildPhase;
			buildActionMask = 2147483647;
			dstPath = /usr/share/man/man1/;
			dstSubfolderSpec = 0;
			files = (
			);
			runOnlyForDeploymentPostprocessing = 1;
		};
		A4F7ED0028C6349900A78E9D /* CopyFiles */ = {
			isa = PBXCopyFilesBuildPhase;
			buildActionMask = 2147483647;
			dstPath = /usr/share/man/man1/;
			dstSubfolderSpec = 0;
			files = (
			);
			runOnlyForDeploymentPostprocessing = 1;
		};
/* End PBXCopyFilesBuildPhase section */

/* Begin PBXFileReference section */
		A4229AEA28C4D8CD00303558 /* 03_01 */ = {isa = PBXFileReference; explicitFileType = "compiled.mach-o.executable"; includeInIndex = 0; path = 03_01; sourceTree = BUILT_PRODUCTS_DIR; };
		A4229AEC28C4D8CD00303558 /* main.cpp */ = {isa = PBXFileReference; lastKnownFileType = sourcecode.cpp.cpp; path = main.cpp; sourceTree = "<group>"; };
		A4229B0028C4D91C00303558 /* 03_02 */ = {isa = PBXFileReference; explicitFileType = "compiled.mach-o.executable"; includeInIndex = 0; path = 03_02; sourceTree = BUILT_PRODUCTS_DIR; };
		A4229B0228C4D91C00303558 /* main.cpp */ = {isa = PBXFileReference; lastKnownFileType = sourcecode.cpp.cpp; path = main.cpp; sourceTree = "<group>"; };
		A4229B1628C4DA0A00303558 /* 03_03 */ = {isa = PBXFileReference; explicitFileType = "compiled.mach-o.executable"; includeInIndex = 0; path = 03_03; sourceTree = BUILT_PRODUCTS_DIR; };
		A4229B1828C4DA0A00303558 /* main.cpp */ = {isa = PBXFileReference; lastKnownFileType = sourcecode.cpp.cpp; path = main.cpp; sourceTree = "<group>"; };
		A4229B1D28C4DA7800303558 /* Test.txt */ = {isa = PBXFileReference; lastKnownFileType = text; path = Test.txt; sourceTree = "<group>"; };
		A4229B2D28C4DB2000303558 /* 03_04 */ = {isa = PBXFileReference; explicitFileType = "compiled.mach-o.executable"; includeInIndex = 0; path = 03_04; sourceTree = BUILT_PRODUCTS_DIR; };
		A4229B2F28C4DB2000303558 /* main.cpp */ = {isa = PBXFileReference; lastKnownFileType = sourcecode.cpp.cpp; path = main.cpp; sourceTree = "<group>"; };
		A4229B4328C4DBCB00303558 /* 03_05 */ = {isa = PBXFileReference; explicitFileType = "compiled.mach-o.executable"; includeInIndex = 0; path = 03_05; sourceTree = BUILT_PRODUCTS_DIR; };
		A4229B4528C4DBCB00303558 /* main.cpp */ = {isa = PBXFileReference; lastKnownFileType = sourcecode.cpp.cpp; path = main.cpp; sourceTree = "<group>"; };
		A436DC2428C3944C004AF7E9 /* 01_01 */ = {isa = PBXFileReference; explicitFileType = "compiled.mach-o.executable"; includeInIndex = 0; path = 01_01; sourceTree = BUILT_PRODUCTS_DIR; };
		A436DC2628C3944C004AF7E9 /* main.cpp */ = {isa = PBXFileReference; lastKnownFileType = sourcecode.cpp.cpp; path = main.cpp; sourceTree = "<group>"; };
		A436DC2F28C395CA004AF7E9 /* 01_02 */ = {isa = PBXFileReference; explicitFileType = "compiled.mach-o.executable"; includeInIndex = 0; path = 01_02; sourceTree = BUILT_PRODUCTS_DIR; };
		A436DC3128C395CA004AF7E9 /* main.cpp */ = {isa = PBXFileReference; lastKnownFileType = sourcecode.cpp.cpp; path = main.cpp; sourceTree = "<group>"; };
		A436DC3A28C395D6004AF7E9 /* 01_03 */ = {isa = PBXFileReference; explicitFileType = "compiled.mach-o.executable"; includeInIndex = 0; path = 01_03; sourceTree = BUILT_PRODUCTS_DIR; };
		A436DC3C28C395D6004AF7E9 /* main.cpp */ = {isa = PBXFileReference; lastKnownFileType = sourcecode.cpp.cpp; path = main.cpp; sourceTree = "<group>"; };
		A436DC4528C395E6004AF7E9 /* 01_04 */ = {isa = PBXFileReference; explicitFileType = "compiled.mach-o.executable"; includeInIndex = 0; path = 01_04; sourceTree = BUILT_PRODUCTS_DIR; };
		A436DC4728C395E6004AF7E9 /* main.cpp */ = {isa = PBXFileReference; lastKnownFileType = sourcecode.cpp.cpp; path = main.cpp; sourceTree = "<group>"; };
		A436DC5028C3961D004AF7E9 /* 02_01 */ = {isa = PBXFileReference; explicitFileType = "compiled.mach-o.executable"; includeInIndex = 0; path = 02_01; sourceTree = BUILT_PRODUCTS_DIR; };
		A436DC5228C3961D004AF7E9 /* main.cpp */ = {isa = PBXFileReference; lastKnownFileType = sourcecode.cpp.cpp; path = main.cpp; sourceTree = "<group>"; };
		A436DC5B28C39625004AF7E9 /* 02_02 */ = {isa = PBXFileReference; explicitFileType = "compiled.mach-o.executable"; includeInIndex = 0; path = 02_02; sourceTree = BUILT_PRODUCTS_DIR; };
		A436DC5D28C39625004AF7E9 /* main.cpp */ = {isa = PBXFileReference; lastKnownFileType = sourcecode.cpp.cpp; path = main.cpp; sourceTree = "<group>"; };
		A436DC6628C3962D004AF7E9 /* 02_03 */ = {isa = PBXFileReference; explicitFileType = "compiled.mach-o.executable"; includeInIndex = 0; path = 02_03; sourceTree = BUILT_PRODUCTS_DIR; };
		A436DC6828C3962D004AF7E9 /* main.cpp */ = {isa = PBXFileReference; lastKnownFileType = sourcecode.cpp.cpp; path = main.cpp; sourceTree = "<group>"; };
		A436DC7128C3963B004AF7E9 /* 02_04 */ = {isa = PBXFileReference; explicitFileType = "compiled.mach-o.executable"; includeInIndex = 0; path = 02_04; sourceTree = BUILT_PRODUCTS_DIR; };
		A436DC7328C3963B004AF7E9 /* main.cpp */ = {isa = PBXFileReference; lastKnownFileType = sourcecode.cpp.cpp; path = main.cpp; sourceTree = "<group>"; };
		A436DC7C28C39642004AF7E9 /* 02_05 */ = {isa = PBXFileReference; explicitFileType = "compiled.mach-o.executable"; includeInIndex = 0; path = 02_05; sourceTree = BUILT_PRODUCTS_DIR; };
		A436DC7E28C39642004AF7E9 /* main.cpp */ = {isa = PBXFileReference; lastKnownFileType = sourcecode.cpp.cpp; path = main.cpp; sourceTree = "<group>"; };
		A4A19DE928C38B4600C819D5 /* ProceduralProgramming */ = {isa = PBXFileReference; explicitFileType = "compiled.mach-o.executable"; includeInIndex = 0; path = ProceduralProgramming; sourceTree = BUILT_PRODUCTS_DIR; };
		A4A19DEC28C38B4600C819D5 /* main.cpp */ = {isa = PBXFileReference; lastKnownFileType = sourcecode.cpp.cpp; path = main.cpp; sourceTree = "<group>"; };
		A4F7ECEC28C62D7F00A78E9D /* 04_01 */ = {isa = PBXFileReference; explicitFileType = "compiled.mach-o.executable"; includeInIndex = 0; path = 04_01; sourceTree = BUILT_PRODUCTS_DIR; };
		A4F7ECEE28C62D7F00A78E9D /* main.cpp */ = {isa = PBXFileReference; lastKnownFileType = sourcecode.cpp.cpp; path = main.cpp; sourceTree = "<group>"; };
		A4F7ECF728C6335C00A78E9D /* 04_02 */ = {isa = PBXFileReference; explicitFileType = "compiled.mach-o.executable"; includeInIndex = 0; path = 04_02; sourceTree = BUILT_PRODUCTS_DIR; };
		A4F7ECF928C6335C00A78E9D /* main.cpp */ = {isa = PBXFileReference; lastKnownFileType = sourcecode.cpp.cpp; path = main.cpp; sourceTree = "<group>"; };
		A4F7ED0228C6349900A78E9D /* 04_03 */ = {isa = PBXFileReference; explicitFileType = "compiled.mach-o.executable"; includeInIndex = 0; path = 04_03; sourceTree = BUILT_PRODUCTS_DIR; };
		A4F7ED0428C6349900A78E9D /* main.cpp */ = {isa = PBXFileReference; lastKnownFileType = sourcecode.cpp.cpp; path = main.cpp; sourceTree = "<group>"; };
/* End PBXFileReference section */

/* Begin PBXFrameworksBuildPhase section */
		A4229AE728C4D8CD00303558 /* Frameworks */ = {
			isa = PBXFrameworksBuildPhase;
			buildActionMask = 2147483647;
			files = (
			);
			runOnlyForDeploymentPostprocessing = 0;
		};
		A4229AFD28C4D91C00303558 /* Frameworks */ = {
			isa = PBXFrameworksBuildPhase;
			buildActionMask = 2147483647;
			files = (
			);
			runOnlyForDeploymentPostprocessing = 0;
		};
		A4229B1328C4DA0A00303558 /* Frameworks */ = {
			isa = PBXFrameworksBuildPhase;
			buildActionMask = 2147483647;
			files = (
			);
			runOnlyForDeploymentPostprocessing = 0;
		};
		A4229B2A28C4DB2000303558 /* Frameworks */ = {
			isa = PBXFrameworksBuildPhase;
			buildActionMask = 2147483647;
			files = (
			);
			runOnlyForDeploymentPostprocessing = 0;
		};
		A4229B4028C4DBCB00303558 /* Frameworks */ = {
			isa = PBXFrameworksBuildPhase;
			buildActionMask = 2147483647;
			files = (
			);
			runOnlyForDeploymentPostprocessing = 0;
		};
		A436DC2128C3944C004AF7E9 /* Frameworks */ = {
			isa = PBXFrameworksBuildPhase;
			buildActionMask = 2147483647;
			files = (
			);
			runOnlyForDeploymentPostprocessing = 0;
		};
		A436DC2C28C395CA004AF7E9 /* Frameworks */ = {
			isa = PBXFrameworksBuildPhase;
			buildActionMask = 2147483647;
			files = (
			);
			runOnlyForDeploymentPostprocessing = 0;
		};
		A436DC3728C395D6004AF7E9 /* Frameworks */ = {
			isa = PBXFrameworksBuildPhase;
			buildActionMask = 2147483647;
			files = (
			);
			runOnlyForDeploymentPostprocessing = 0;
		};
		A436DC4228C395E6004AF7E9 /* Frameworks */ = {
			isa = PBXFrameworksBuildPhase;
			buildActionMask = 2147483647;
			files = (
			);
			runOnlyForDeploymentPostprocessing = 0;
		};
		A436DC4D28C3961D004AF7E9 /* Frameworks */ = {
			isa = PBXFrameworksBuildPhase;
			buildActionMask = 2147483647;
			files = (
			);
			runOnlyForDeploymentPostprocessing = 0;
		};
		A436DC5828C39625004AF7E9 /* Frameworks */ = {
			isa = PBXFrameworksBuildPhase;
			buildActionMask = 2147483647;
			files = (
			);
			runOnlyForDeploymentPostprocessing = 0;
		};
		A436DC6328C3962D004AF7E9 /* Frameworks */ = {
			isa = PBXFrameworksBuildPhase;
			buildActionMask = 2147483647;
			files = (
			);
			runOnlyForDeploymentPostprocessing = 0;
		};
		A436DC6E28C3963B004AF7E9 /* Frameworks */ = {
			isa = PBXFrameworksBuildPhase;
			buildActionMask = 2147483647;
			files = (
			);
			runOnlyForDeploymentPostprocessing = 0;
		};
		A436DC7928C39642004AF7E9 /* Frameworks */ = {
			isa = PBXFrameworksBuildPhase;
			buildActionMask = 2147483647;
			files = (
			);
			runOnlyForDeploymentPostprocessing = 0;
		};
		A4A19DE628C38B4600C819D5 /* Frameworks */ = {
			isa = PBXFrameworksBuildPhase;
			buildActionMask = 2147483647;
			files = (
			);
			runOnlyForDeploymentPostprocessing = 0;
		};
		A4F7ECE928C62D7F00A78E9D /* Frameworks */ = {
			isa = PBXFrameworksBuildPhase;
			buildActionMask = 2147483647;
			files = (
			);
			runOnlyForDeploymentPostprocessing = 0;
		};
		A4F7ECF428C6335C00A78E9D /* Frameworks */ = {
			isa = PBXFrameworksBuildPhase;
			buildActionMask = 2147483647;
			files = (
			);
			runOnlyForDeploymentPostprocessing = 0;
		};
		A4F7ECFF28C6349900A78E9D /* Frameworks */ = {
			isa = PBXFrameworksBuildPhase;
			buildActionMask = 2147483647;
			files = (
			);
			runOnlyForDeploymentPostprocessing = 0;
		};
/* End PBXFrameworksBuildPhase section */

/* Begin PBXGroup section */
		A4229AEB28C4D8CD00303558 /* 03_01 */ = {
			isa = PBXGroup;
			children = (
				A4229AEC28C4D8CD00303558 /* main.cpp */,
			);
			path = 03_01;
			sourceTree = "<group>";
		};
		A4229B0128C4D91C00303558 /* 03_02 */ = {
			isa = PBXGroup;
			children = (
				A4229B0228C4D91C00303558 /* main.cpp */,
			);
			path = 03_02;
			sourceTree = "<group>";
		};
		A4229B1728C4DA0A00303558 /* 03_03 */ = {
			isa = PBXGroup;
			children = (
				A4229B1828C4DA0A00303558 /* main.cpp */,
				A4229B1D28C4DA7800303558 /* Test.txt */,
			);
			path = 03_03;
			sourceTree = "<group>";
		};
		A4229B2E28C4DB2000303558 /* 03_04 */ = {
			isa = PBXGroup;
			children = (
				A4229B2F28C4DB2000303558 /* main.cpp */,
			);
			path = 03_04;
			sourceTree = "<group>";
		};
		A4229B4428C4DBCB00303558 /* 03_05 */ = {
			isa = PBXGroup;
			children = (
				A4229B4528C4DBCB00303558 /* main.cpp */,
			);
			path = 03_05;
			sourceTree = "<group>";
		};
		A436DC2528C3944C004AF7E9 /* 01_01 */ = {
			isa = PBXGroup;
			children = (
				A436DC2628C3944C004AF7E9 /* main.cpp */,
			);
			path = 01_01;
			sourceTree = "<group>";
		};
		A436DC3028C395CA004AF7E9 /* 01_02 */ = {
			isa = PBXGroup;
			children = (
				A436DC3128C395CA004AF7E9 /* main.cpp */,
			);
			path = 01_02;
			sourceTree = "<group>";
		};
		A436DC3B28C395D6004AF7E9 /* 01_03 */ = {
			isa = PBXGroup;
			children = (
				A436DC3C28C395D6004AF7E9 /* main.cpp */,
			);
			path = 01_03;
			sourceTree = "<group>";
		};
		A436DC4628C395E6004AF7E9 /* 01_04 */ = {
			isa = PBXGroup;
			children = (
				A436DC4728C395E6004AF7E9 /* main.cpp */,
			);
			path = 01_04;
			sourceTree = "<group>";
		};
		A436DC5128C3961D004AF7E9 /* 02_01 */ = {
			isa = PBXGroup;
			children = (
				A436DC5228C3961D004AF7E9 /* main.cpp */,
			);
			path = 02_01;
			sourceTree = "<group>";
		};
		A436DC5C28C39625004AF7E9 /* 02_02 */ = {
			isa = PBXGroup;
			children = (
				A436DC5D28C39625004AF7E9 /* main.cpp */,
			);
			path = 02_02;
			sourceTree = "<group>";
		};
		A436DC6728C3962D004AF7E9 /* 02_03 */ = {
			isa = PBXGroup;
			children = (
				A436DC6828C3962D004AF7E9 /* main.cpp */,
			);
			path = 02_03;
			sourceTree = "<group>";
		};
		A436DC7228C3963B004AF7E9 /* 02_04 */ = {
			isa = PBXGroup;
			children = (
				A436DC7328C3963B004AF7E9 /* main.cpp */,
			);
			path = 02_04;
			sourceTree = "<group>";
		};
		A436DC7D28C39642004AF7E9 /* 02_05 */ = {
			isa = PBXGroup;
			children = (
				A436DC7E28C39642004AF7E9 /* main.cpp */,
			);
			path = 02_05;
			sourceTree = "<group>";
		};
		A4A19DE028C38B4600C819D5 = {
			isa = PBXGroup;
			children = (
				A4A19DEB28C38B4600C819D5 /* ProceduralProgramming */,
				A436DC2528C3944C004AF7E9 /* 01_01 */,
				A436DC3028C395CA004AF7E9 /* 01_02 */,
				A436DC3B28C395D6004AF7E9 /* 01_03 */,
				A436DC4628C395E6004AF7E9 /* 01_04 */,
				A436DC5128C3961D004AF7E9 /* 02_01 */,
				A436DC5C28C39625004AF7E9 /* 02_02 */,
				A436DC6728C3962D004AF7E9 /* 02_03 */,
				A436DC7228C3963B004AF7E9 /* 02_04 */,
				A436DC7D28C39642004AF7E9 /* 02_05 */,
				A4229AEB28C4D8CD00303558 /* 03_01 */,
				A4229B0128C4D91C00303558 /* 03_02 */,
				A4229B1728C4DA0A00303558 /* 03_03 */,
				A4229B2E28C4DB2000303558 /* 03_04 */,
				A4229B4428C4DBCB00303558 /* 03_05 */,
				A4F7ECED28C62D7F00A78E9D /* 04_01 */,
				A4F7ECF828C6335C00A78E9D /* 04_02 */,
				A4F7ED0328C6349900A78E9D /* 04_03 */,
				A4A19DEA28C38B4600C819D5 /* Products */,
			);
			sourceTree = "<group>";
		};
		A4A19DEA28C38B4600C819D5 /* Products */ = {
			isa = PBXGroup;
			children = (
				A4A19DE928C38B4600C819D5 /* ProceduralProgramming */,
				A436DC2428C3944C004AF7E9 /* 01_01 */,
				A436DC2F28C395CA004AF7E9 /* 01_02 */,
				A436DC3A28C395D6004AF7E9 /* 01_03 */,
				A436DC4528C395E6004AF7E9 /* 01_04 */,
				A436DC5028C3961D004AF7E9 /* 02_01 */,
				A436DC5B28C39625004AF7E9 /* 02_02 */,
				A436DC6628C3962D004AF7E9 /* 02_03 */,
				A436DC7128C3963B004AF7E9 /* 02_04 */,
				A436DC7C28C39642004AF7E9 /* 02_05 */,
				A4229AEA28C4D8CD00303558 /* 03_01 */,
				A4229B0028C4D91C00303558 /* 03_02 */,
				A4229B1628C4DA0A00303558 /* 03_03 */,
				A4229B2D28C4DB2000303558 /* 03_04 */,
				A4229B4328C4DBCB00303558 /* 03_05 */,
				A4F7ECEC28C62D7F00A78E9D /* 04_01 */,
				A4F7ECF728C6335C00A78E9D /* 04_02 */,
				A4F7ED0228C6349900A78E9D /* 04_03 */,
			);
			name = Products;
			sourceTree = "<group>";
		};
		A4A19DEB28C38B4600C819D5 /* ProceduralProgramming */ = {
			isa = PBXGroup;
			children = (
				A4A19DEC28C38B4600C819D5 /* main.cpp */,
			);
			path = ProceduralProgramming;
			sourceTree = "<group>";
		};
		A4F7ECED28C62D7F00A78E9D /* 04_01 */ = {
			isa = PBXGroup;
			children = (
				A4F7ECEE28C62D7F00A78E9D /* main.cpp */,
			);
			path = 04_01;
			sourceTree = "<group>";
		};
		A4F7ECF828C6335C00A78E9D /* 04_02 */ = {
			isa = PBXGroup;
			children = (
				A4F7ECF928C6335C00A78E9D /* main.cpp */,
			);
			path = 04_02;
			sourceTree = "<group>";
		};
		A4F7ED0328C6349900A78E9D /* 04_03 */ = {
			isa = PBXGroup;
			children = (
				A4F7ED0428C6349900A78E9D /* main.cpp */,
			);
			path = 04_03;
			sourceTree = "<group>";
		};
/* End PBXGroup section */

/* Begin PBXNativeTarget section */
		A4229AE928C4D8CD00303558 /* 03_01 */ = {
			isa = PBXNativeTarget;
			buildConfigurationList = A4229AEE28C4D8CD00303558 /* Build configuration list for PBXNativeTarget "03_01" */;
			buildPhases = (
				A4229AE628C4D8CD00303558 /* Sources */,
				A4229AE728C4D8CD00303558 /* Frameworks */,
				A4229AE828C4D8CD00303558 /* CopyFiles */,
			);
			buildRules = (
			);
			dependencies = (
			);
			name = 03_01;
			productName = 03_01;
			productReference = A4229AEA28C4D8CD00303558 /* 03_01 */;
			productType = "com.apple.product-type.tool";
		};
		A4229AFF28C4D91C00303558 /* 03_02 */ = {
			isa = PBXNativeTarget;
			buildConfigurationList = A4229B0428C4D91C00303558 /* Build configuration list for PBXNativeTarget "03_02" */;
			buildPhases = (
				A4229AFC28C4D91C00303558 /* Sources */,
				A4229AFD28C4D91C00303558 /* Frameworks */,
				A4229AFE28C4D91C00303558 /* CopyFiles */,
			);
			buildRules = (
			);
			dependencies = (
			);
			name = 03_02;
			productName = 03_02;
			productReference = A4229B0028C4D91C00303558 /* 03_02 */;
			productType = "com.apple.product-type.tool";
		};
		A4229B1528C4DA0A00303558 /* 03_03 */ = {
			isa = PBXNativeTarget;
			buildConfigurationList = A4229B1A28C4DA0A00303558 /* Build configuration list for PBXNativeTarget "03_03" */;
			buildPhases = (
				A4229B1228C4DA0A00303558 /* Sources */,
				A4229B1328C4DA0A00303558 /* Frameworks */,
				A4229B1428C4DA0A00303558 /* CopyFiles */,
			);
			buildRules = (
			);
			dependencies = (
			);
			name = 03_03;
			productName = 03_03;
			productReference = A4229B1628C4DA0A00303558 /* 03_03 */;
			productType = "com.apple.product-type.tool";
		};
		A4229B2C28C4DB2000303558 /* 03_04 */ = {
			isa = PBXNativeTarget;
			buildConfigurationList = A4229B3128C4DB2000303558 /* Build configuration list for PBXNativeTarget "03_04" */;
			buildPhases = (
				A4229B2928C4DB2000303558 /* Sources */,
				A4229B2A28C4DB2000303558 /* Frameworks */,
				A4229B2B28C4DB2000303558 /* CopyFiles */,
			);
			buildRules = (
			);
			dependencies = (
			);
			name = 03_04;
			productName = 03_04;
			productReference = A4229B2D28C4DB2000303558 /* 03_04 */;
			productType = "com.apple.product-type.tool";
		};
		A4229B4228C4DBCB00303558 /* 03_05 */ = {
			isa = PBXNativeTarget;
			buildConfigurationList = A4229B4728C4DBCB00303558 /* Build configuration list for PBXNativeTarget "03_05" */;
			buildPhases = (
				A4229B3F28C4DBCB00303558 /* Sources */,
				A4229B4028C4DBCB00303558 /* Frameworks */,
				A4229B4128C4DBCB00303558 /* CopyFiles */,
			);
			buildRules = (
			);
			dependencies = (
			);
			name = 03_05;
			productName = 03_05;
			productReference = A4229B4328C4DBCB00303558 /* 03_05 */;
			productType = "com.apple.product-type.tool";
		};
		A436DC2328C3944C004AF7E9 /* 01_01 */ = {
			isa = PBXNativeTarget;
			buildConfigurationList = A436DC2A28C3944C004AF7E9 /* Build configuration list for PBXNativeTarget "01_01" */;
			buildPhases = (
				A436DC2028C3944C004AF7E9 /* Sources */,
				A436DC2128C3944C004AF7E9 /* Frameworks */,
				A436DC2228C3944C004AF7E9 /* CopyFiles */,
			);
			buildRules = (
			);
			dependencies = (
			);
			name = 01_01;
			productName = 01_01;
			productReference = A436DC2428C3944C004AF7E9 /* 01_01 */;
			productType = "com.apple.product-type.tool";
		};
		A436DC2E28C395CA004AF7E9 /* 01_02 */ = {
			isa = PBXNativeTarget;
			buildConfigurationList = A436DC3328C395CA004AF7E9 /* Build configuration list for PBXNativeTarget "01_02" */;
			buildPhases = (
				A436DC2B28C395CA004AF7E9 /* Sources */,
				A436DC2C28C395CA004AF7E9 /* Frameworks */,
				A436DC2D28C395CA004AF7E9 /* CopyFiles */,
			);
			buildRules = (
			);
			dependencies = (
			);
			name = 01_02;
			productName = 01_02;
			productReference = A436DC2F28C395CA004AF7E9 /* 01_02 */;
			productType = "com.apple.product-type.tool";
		};
		A436DC3928C395D6004AF7E9 /* 01_03 */ = {
			isa = PBXNativeTarget;
			buildConfigurationList = A436DC3E28C395D6004AF7E9 /* Build configuration list for PBXNativeTarget "01_03" */;
			buildPhases = (
				A436DC3628C395D6004AF7E9 /* Sources */,
				A436DC3728C395D6004AF7E9 /* Frameworks */,
				A436DC3828C395D6004AF7E9 /* CopyFiles */,
			);
			buildRules = (
			);
			dependencies = (
			);
			name = 01_03;
			productName = 01_03;
			productReference = A436DC3A28C395D6004AF7E9 /* 01_03 */;
			productType = "com.apple.product-type.tool";
		};
		A436DC4428C395E6004AF7E9 /* 01_04 */ = {
			isa = PBXNativeTarget;
			buildConfigurationList = A436DC4928C395E6004AF7E9 /* Build configuration list for PBXNativeTarget "01_04" */;
			buildPhases = (
				A436DC4128C395E6004AF7E9 /* Sources */,
				A436DC4228C395E6004AF7E9 /* Frameworks */,
				A436DC4328C395E6004AF7E9 /* CopyFiles */,
			);
			buildRules = (
			);
			dependencies = (
			);
			name = 01_04;
			productName = 01_04;
			productReference = A436DC4528C395E6004AF7E9 /* 01_04 */;
			productType = "com.apple.product-type.tool";
		};
		A436DC4F28C3961D004AF7E9 /* 02_01 */ = {
			isa = PBXNativeTarget;
			buildConfigurationList = A436DC5428C3961D004AF7E9 /* Build configuration list for PBXNativeTarget "02_01" */;
			buildPhases = (
				A436DC4C28C3961D004AF7E9 /* Sources */,
				A436DC4D28C3961D004AF7E9 /* Frameworks */,
				A436DC4E28C3961D004AF7E9 /* CopyFiles */,
			);
			buildRules = (
			);
			dependencies = (
			);
			name = 02_01;
			productName = 02_01;
			productReference = A436DC5028C3961D004AF7E9 /* 02_01 */;
			productType = "com.apple.product-type.tool";
		};
		A436DC5A28C39625004AF7E9 /* 02_02 */ = {
			isa = PBXNativeTarget;
			buildConfigurationList = A436DC5F28C39625004AF7E9 /* Build configuration list for PBXNativeTarget "02_02" */;
			buildPhases = (
				A436DC5728C39625004AF7E9 /* Sources */,
				A436DC5828C39625004AF7E9 /* Frameworks */,
				A436DC5928C39625004AF7E9 /* CopyFiles */,
			);
			buildRules = (
			);
			dependencies = (
			);
			name = 02_02;
			productName = 02_02;
			productReference = A436DC5B28C39625004AF7E9 /* 02_02 */;
			productType = "com.apple.product-type.tool";
		};
		A436DC6528C3962D004AF7E9 /* 02_03 */ = {
			isa = PBXNativeTarget;
			buildConfigurationList = A436DC6A28C3962D004AF7E9 /* Build configuration list for PBXNativeTarget "02_03" */;
			buildPhases = (
				A436DC6228C3962D004AF7E9 /* Sources */,
				A436DC6328C3962D004AF7E9 /* Frameworks */,
				A436DC6428C3962D004AF7E9 /* CopyFiles */,
			);
			buildRules = (
			);
			dependencies = (
			);
			name = 02_03;
			productName = 02_03;
			productReference = A436DC6628C3962D004AF7E9 /* 02_03 */;
			productType = "com.apple.product-type.tool";
		};
		A436DC7028C3963B004AF7E9 /* 02_04 */ = {
			isa = PBXNativeTarget;
			buildConfigurationList = A436DC7528C3963B004AF7E9 /* Build configuration list for PBXNativeTarget "02_04" */;
			buildPhases = (
				A436DC6D28C3963B004AF7E9 /* Sources */,
				A436DC6E28C3963B004AF7E9 /* Frameworks */,
				A436DC6F28C3963B004AF7E9 /* CopyFiles */,
			);
			buildRules = (
			);
			dependencies = (
			);
			name = 02_04;
			productName = 02_04;
			productReference = A436DC7128C3963B004AF7E9 /* 02_04 */;
			productType = "com.apple.product-type.tool";
		};
		A436DC7B28C39642004AF7E9 /* 02_05 */ = {
			isa = PBXNativeTarget;
			buildConfigurationList = A436DC8028C39642004AF7E9 /* Build configuration list for PBXNativeTarget "02_05" */;
			buildPhases = (
				A436DC7828C39642004AF7E9 /* Sources */,
				A436DC7928C39642004AF7E9 /* Frameworks */,
				A436DC7A28C39642004AF7E9 /* CopyFiles */,
			);
			buildRules = (
			);
			dependencies = (
			);
			name = 02_05;
			productName = 02_05;
			productReference = A436DC7C28C39642004AF7E9 /* 02_05 */;
			productType = "com.apple.product-type.tool";
		};
		A4A19DE828C38B4600C819D5 /* ProceduralProgramming */ = {
			isa = PBXNativeTarget;
			buildConfigurationList = A4A19DF028C38B4600C819D5 /* Build configuration list for PBXNativeTarget "ProceduralProgramming" */;
			buildPhases = (
				A4A19DE528C38B4600C819D5 /* Sources */,
				A4A19DE628C38B4600C819D5 /* Frameworks */,
				A4A19DE728C38B4600C819D5 /* CopyFiles */,
			);
			buildRules = (
			);
			dependencies = (
			);
			name = ProceduralProgramming;
			productName = ProceduralProgramming;
			productReference = A4A19DE928C38B4600C819D5 /* ProceduralProgramming */;
			productType = "com.apple.product-type.tool";
		};
		A4F7ECEB28C62D7F00A78E9D /* 04_01 */ = {
			isa = PBXNativeTarget;
			buildConfigurationList = A4F7ECF228C62D7F00A78E9D /* Build configuration list for PBXNativeTarget "04_01" */;
			buildPhases = (
				A4F7ECE828C62D7F00A78E9D /* Sources */,
				A4F7ECE928C62D7F00A78E9D /* Frameworks */,
				A4F7ECEA28C62D7F00A78E9D /* CopyFiles */,
			);
			buildRules = (
			);
			dependencies = (
			);
			name = 04_01;
			productName = 04_01;
			productReference = A4F7ECEC28C62D7F00A78E9D /* 04_01 */;
			productType = "com.apple.product-type.tool";
		};
		A4F7ECF628C6335C00A78E9D /* 04_02 */ = {
			isa = PBXNativeTarget;
			buildConfigurationList = A4F7ECFB28C6335C00A78E9D /* Build configuration list for PBXNativeTarget "04_02" */;
			buildPhases = (
				A4F7ECF328C6335C00A78E9D /* Sources */,
				A4F7ECF428C6335C00A78E9D /* Frameworks */,
				A4F7ECF528C6335C00A78E9D /* CopyFiles */,
			);
			buildRules = (
			);
			dependencies = (
			);
			name = 04_02;
			productName = 04_02;
			productReference = A4F7ECF728C6335C00A78E9D /* 04_02 */;
			productType = "com.apple.product-type.tool";
		};
		A4F7ED0128C6349900A78E9D /* 04_03 */ = {
			isa = PBXNativeTarget;
			buildConfigurationList = A4F7ED0628C6349900A78E9D /* Build configuration list for PBXNativeTarget "04_03" */;
			buildPhases = (
				A4F7ECFE28C6349900A78E9D /* Sources */,
				A4F7ECFF28C6349900A78E9D /* Frameworks */,
				A4F7ED0028C6349900A78E9D /* CopyFiles */,
			);
			buildRules = (
			);
			dependencies = (
			);
			name = 04_03;
			productName = 04_03;
			productReference = A4F7ED0228C6349900A78E9D /* 04_03 */;
			productType = "com.apple.product-type.tool";
		};
/* End PBXNativeTarget section */

/* Begin PBXProject section */
		A4A19DE128C38B4600C819D5 /* Project object */ = {
			isa = PBXProject;
			attributes = {
				BuildIndependentTargetsInParallel = 1;
				LastSwiftUpdateCheck = 1340;
				LastUpgradeCheck = 1340;
				TargetAttributes = {
					A4229AE928C4D8CD00303558 = {
						CreatedOnToolsVersion = 13.4.1;
					};
					A4229AFF28C4D91C00303558 = {
						CreatedOnToolsVersion = 13.4.1;
					};
					A4229B1528C4DA0A00303558 = {
						CreatedOnToolsVersion = 13.4.1;
					};
					A4229B2C28C4DB2000303558 = {
						CreatedOnToolsVersion = 13.4.1;
					};
					A4229B4228C4DBCB00303558 = {
						CreatedOnToolsVersion = 13.4.1;
					};
					A436DC2328C3944C004AF7E9 = {
						CreatedOnToolsVersion = 13.4.1;
					};
					A436DC2E28C395CA004AF7E9 = {
						CreatedOnToolsVersion = 13.4.1;
					};
					A436DC3928C395D6004AF7E9 = {
						CreatedOnToolsVersion = 13.4.1;
					};
					A436DC4428C395E6004AF7E9 = {
						CreatedOnToolsVersion = 13.4.1;
					};
					A436DC4F28C3961D004AF7E9 = {
						CreatedOnToolsVersion = 13.4.1;
					};
					A436DC5A28C39625004AF7E9 = {
						CreatedOnToolsVersion = 13.4.1;
					};
					A436DC6528C3962D004AF7E9 = {
						CreatedOnToolsVersion = 13.4.1;
					};
					A436DC7028C3963B004AF7E9 = {
						CreatedOnToolsVersion = 13.4.1;
					};
					A436DC7B28C39642004AF7E9 = {
						CreatedOnToolsVersion = 13.4.1;
					};
					A4A19DE828C38B4600C819D5 = {
						CreatedOnToolsVersion = 13.4.1;
					};
					A4F7ECEB28C62D7F00A78E9D = {
						CreatedOnToolsVersion = 13.4.1;
					};
					A4F7ECF628C6335C00A78E9D = {
						CreatedOnToolsVersion = 13.4.1;
					};
					A4F7ED0128C6349900A78E9D = {
						CreatedOnToolsVersion = 13.4.1;
					};
				};
			};
			buildConfigurationList = A4A19DE428C38B4600C819D5 /* Build configuration list for PBXProject "ProceduralProgramming" */;
			compatibilityVersion = "Xcode 13.0";
			developmentRegion = en;
			hasScannedForEncodings = 0;
			knownRegions = (
				en,
				Base,
			);
			mainGroup = A4A19DE028C38B4600C819D5;
			productRefGroup = A4A19DEA28C38B4600C819D5 /* Products */;
			projectDirPath = "";
			projectRoot = "";
			targets = (
				A4A19DE828C38B4600C819D5 /* ProceduralProgramming */,
				A436DC2328C3944C004AF7E9 /* 01_01 */,
				A436DC2E28C395CA004AF7E9 /* 01_02 */,
				A436DC3928C395D6004AF7E9 /* 01_03 */,
				A436DC4428C395E6004AF7E9 /* 01_04 */,
				A436DC4F28C3961D004AF7E9 /* 02_01 */,
				A436DC5A28C39625004AF7E9 /* 02_02 */,
				A436DC6528C3962D004AF7E9 /* 02_03 */,
				A436DC7028C3963B004AF7E9 /* 02_04 */,
				A436DC7B28C39642004AF7E9 /* 02_05 */,
				A4229AE928C4D8CD00303558 /* 03_01 */,
				A4229AFF28C4D91C00303558 /* 03_02 */,
				A4229B1528C4DA0A00303558 /* 03_03 */,
				A4229B2C28C4DB2000303558 /* 03_04 */,
				A4229B4228C4DBCB00303558 /* 03_05 */,
				A4F7ECEB28C62D7F00A78E9D /* 04_01 */,
				A4F7ECF628C6335C00A78E9D /* 04_02 */,
				A4F7ED0128C6349900A78E9D /* 04_03 */,
			);
		};
/* End PBXProject section */

/* Begin PBXSourcesBuildPhase section */
		A4229AE628C4D8CD00303558 /* Sources */ = {
			isa = PBXSourcesBuildPhase;
			buildActionMask = 2147483647;
			files = (
				A4229AED28C4D8CD00303558 /* main.cpp in Sources */,
			);
			runOnlyForDeploymentPostprocessing = 0;
		};
		A4229AFC28C4D91C00303558 /* Sources */ = {
			isa = PBXSourcesBuildPhase;
			buildActionMask = 2147483647;
			files = (
				A4229B0328C4D91C00303558 /* main.cpp in Sources */,
			);
			runOnlyForDeploymentPostprocessing = 0;
		};
		A4229B1228C4DA0A00303558 /* Sources */ = {
			isa = PBXSourcesBuildPhase;
			buildActionMask = 2147483647;
			files = (
				A4229B1928C4DA0A00303558 /* main.cpp in Sources */,
			);
			runOnlyForDeploymentPostprocessing = 0;
		};
		A4229B2928C4DB2000303558 /* Sources */ = {
			isa = PBXSourcesBuildPhase;
			buildActionMask = 2147483647;
			files = (
				A4229B3028C4DB2000303558 /* main.cpp in Sources */,
			);
			runOnlyForDeploymentPostprocessing = 0;
		};
		A4229B3F28C4DBCB00303558 /* Sources */ = {
			isa = PBXSourcesBuildPhase;
			buildActionMask = 2147483647;
			files = (
				A4229B4628C4DBCB00303558 /* main.cpp in Sources */,
			);
			runOnlyForDeploymentPostprocessing = 0;
		};
		A436DC2028C3944C004AF7E9 /* Sources */ = {
			isa = PBXSourcesBuildPhase;
			buildActionMask = 2147483647;
			files = (
				A436DC2728C3944C004AF7E9 /* main.cpp in Sources */,
			);
			runOnlyForDeploymentPostprocessing = 0;
		};
		A436DC2B28C395CA004AF7E9 /* Sources */ = {
			isa = PBXSourcesBuildPhase;
			buildActionMask = 2147483647;
			files = (
				A436DC3228C395CA004AF7E9 /* main.cpp in Sources */,
			);
			runOnlyForDeploymentPostprocessing = 0;
		};
		A436DC3628C395D6004AF7E9 /* Sources */ = {
			isa = PBXSourcesBuildPhase;
			buildActionMask = 2147483647;
			files = (
				A436DC3D28C395D6004AF7E9 /* main.cpp in Sources */,
			);
			runOnlyForDeploymentPostprocessing = 0;
		};
		A436DC4128C395E6004AF7E9 /* Sources */ = {
			isa = PBXSourcesBuildPhase;
			buildActionMask = 2147483647;
			files = (
				A436DC4828C395E6004AF7E9 /* main.cpp in Sources */,
			);
			runOnlyForDeploymentPostprocessing = 0;
		};
		A436DC4C28C3961D004AF7E9 /* Sources */ = {
			isa = PBXSourcesBuildPhase;
			buildActionMask = 2147483647;
			files = (
				A436DC5328C3961D004AF7E9 /* main.cpp in Sources */,
			);
			runOnlyForDeploymentPostprocessing = 0;
		};
		A436DC5728C39625004AF7E9 /* Sources */ = {
			isa = PBXSourcesBuildPhase;
			buildActionMask = 2147483647;
			files = (
				A436DC5E28C39625004AF7E9 /* main.cpp in Sources */,
			);
			runOnlyForDeploymentPostprocessing = 0;
		};
		A436DC6228C3962D004AF7E9 /* Sources */ = {
			isa = PBXSourcesBuildPhase;
			buildActionMask = 2147483647;
			files = (
				A436DC6928C3962D004AF7E9 /* main.cpp in Sources */,
			);
			runOnlyForDeploymentPostprocessing = 0;
		};
		A436DC6D28C3963B004AF7E9 /* Sources */ = {
			isa = PBXSourcesBuildPhase;
			buildActionMask = 2147483647;
			files = (
				A436DC7428C3963B004AF7E9 /* main.cpp in Sources */,
			);
			runOnlyForDeploymentPostprocessing = 0;
		};
		A436DC7828C39642004AF7E9 /* Sources */ = {
			isa = PBXSourcesBuildPhase;
			buildActionMask = 2147483647;
			files = (
				A436DC7F28C39642004AF7E9 /* main.cpp in Sources */,
			);
			runOnlyForDeploymentPostprocessing = 0;
		};
		A4A19DE528C38B4600C819D5 /* Sources */ = {
			isa = PBXSourcesBuildPhase;
			buildActionMask = 2147483647;
			files = (
				A4A19DED28C38B4600C819D5 /* main.cpp in Sources */,
			);
			runOnlyForDeploymentPostprocessing = 0;
		};
		A4F7ECE828C62D7F00A78E9D /* Sources */ = {
			isa = PBXSourcesBuildPhase;
			buildActionMask = 2147483647;
			files = (
				A4F7ECEF28C62D7F00A78E9D /* main.cpp in Sources */,
			);
			runOnlyForDeploymentPostprocessing = 0;
		};
		A4F7ECF328C6335C00A78E9D /* Sources */ = {
			isa = PBXSourcesBuildPhase;
			buildActionMask = 2147483647;
			files = (
				A4F7ECFA28C6335C00A78E9D /* main.cpp in Sources */,
			);
			runOnlyForDeploymentPostprocessing = 0;
		};
		A4F7ECFE28C6349900A78E9D /* Sources */ = {
			isa = PBXSourcesBuildPhase;
			buildActionMask = 2147483647;
			files = (
				A4F7ED0528C6349900A78E9D /* main.cpp in Sources */,
			);
			runOnlyForDeploymentPostprocessing = 0;
		};
/* End PBXSourcesBuildPhase section */

/* Begin XCBuildConfiguration section */
		A4229AEF28C4D8CD00303558 /* Debug */ = {
			isa = XCBuildConfiguration;
			buildSettings = {
				CODE_SIGN_STYLE = Automatic;
				DEVELOPMENT_TEAM = UV4BPKP674;
				ENABLE_HARDENED_RUNTIME = YES;
				PRODUCT_NAME = "$(TARGET_NAME)";
			};
			name = Debug;
		};
		A4229AF028C4D8CD00303558 /* Release */ = {
			isa = XCBuildConfiguration;
			buildSettings = {
				CODE_SIGN_STYLE = Automatic;
				DEVELOPMENT_TEAM = UV4BPKP674;
				ENABLE_HARDENED_RUNTIME = YES;
				PRODUCT_NAME = "$(TARGET_NAME)";
			};
			name = Release;
		};
		A4229B0528C4D91C00303558 /* Debug */ = {
			isa = XCBuildConfiguration;
			buildSettings = {
				CODE_SIGN_STYLE = Automatic;
				DEVELOPMENT_TEAM = UV4BPKP674;
				ENABLE_HARDENED_RUNTIME = YES;
				PRODUCT_NAME = "$(TARGET_NAME)";
			};
			name = Debug;
		};
		A4229B0628C4D91C00303558 /* Release */ = {
			isa = XCBuildConfiguration;
			buildSettings = {
				CODE_SIGN_STYLE = Automatic;
				DEVELOPMENT_TEAM = UV4BPKP674;
				ENABLE_HARDENED_RUNTIME = YES;
				PRODUCT_NAME = "$(TARGET_NAME)";
			};
			name = Release;
		};
		A4229B1B28C4DA0A00303558 /* Debug */ = {
			isa = XCBuildConfiguration;
			buildSettings = {
				CODE_SIGN_STYLE = Automatic;
				DEVELOPMENT_TEAM = UV4BPKP674;
				ENABLE_HARDENED_RUNTIME = YES;
				PRODUCT_NAME = "$(TARGET_NAME)";
			};
			name = Debug;
		};
		A4229B1C28C4DA0A00303558 /* Release */ = {
			isa = XCBuildConfiguration;
			buildSettings = {
				CODE_SIGN_STYLE = Automatic;
				DEVELOPMENT_TEAM = UV4BPKP674;
				ENABLE_HARDENED_RUNTIME = YES;
				PRODUCT_NAME = "$(TARGET_NAME)";
			};
			name = Release;
		};
		A4229B3228C4DB2000303558 /* Debug */ = {
			isa = XCBuildConfiguration;
			buildSettings = {
				CODE_SIGN_STYLE = Automatic;
				DEVELOPMENT_TEAM = UV4BPKP674;
				ENABLE_HARDENED_RUNTIME = YES;
				PRODUCT_NAME = "$(TARGET_NAME)";
			};
			name = Debug;
		};
		A4229B3328C4DB2000303558 /* Release */ = {
			isa = XCBuildConfiguration;
			buildSettings = {
				CODE_SIGN_STYLE = Automatic;
				DEVELOPMENT_TEAM = UV4BPKP674;
				ENABLE_HARDENED_RUNTIME = YES;
				PRODUCT_NAME = "$(TARGET_NAME)";
			};
			name = Release;
		};
		A4229B4828C4DBCB00303558 /* Debug */ = {
			isa = XCBuildConfiguration;
			buildSettings = {
				CODE_SIGN_STYLE = Automatic;
				DEVELOPMENT_TEAM = UV4BPKP674;
				ENABLE_HARDENED_RUNTIME = YES;
				PRODUCT_NAME = "$(TARGET_NAME)";
			};
			name = Debug;
		};
		A4229B4928C4DBCB00303558 /* Release */ = {
			isa = XCBuildConfiguration;
			buildSettings = {
				CODE_SIGN_STYLE = Automatic;
				DEVELOPMENT_TEAM = UV4BPKP674;
				ENABLE_HARDENED_RUNTIME = YES;
				PRODUCT_NAME = "$(TARGET_NAME)";
			};
			name = Release;
		};
		A436DC2828C3944C004AF7E9 /* Debug */ = {
			isa = XCBuildConfiguration;
			buildSettings = {
				CODE_SIGN_STYLE = Automatic;
				DEVELOPMENT_TEAM = UV4BPKP674;
				ENABLE_HARDENED_RUNTIME = YES;
				PRODUCT_NAME = "$(TARGET_NAME)";
			};
			name = Debug;
		};
		A436DC2928C3944C004AF7E9 /* Release */ = {
			isa = XCBuildConfiguration;
			buildSettings = {
				CODE_SIGN_STYLE = Automatic;
				DEVELOPMENT_TEAM = UV4BPKP674;
				ENABLE_HARDENED_RUNTIME = YES;
				PRODUCT_NAME = "$(TARGET_NAME)";
			};
			name = Release;
		};
		A436DC3428C395CA004AF7E9 /* Debug */ = {
			isa = XCBuildConfiguration;
			buildSettings = {
				CODE_SIGN_STYLE = Automatic;
				DEVELOPMENT_TEAM = UV4BPKP674;
				ENABLE_HARDENED_RUNTIME = YES;
				PRODUCT_NAME = "$(TARGET_NAME)";
			};
			name = Debug;
		};
		A436DC3528C395CA004AF7E9 /* Release */ = {
			isa = XCBuildConfiguration;
			buildSettings = {
				CODE_SIGN_STYLE = Automatic;
				DEVELOPMENT_TEAM = UV4BPKP674;
				ENABLE_HARDENED_RUNTIME = YES;
				PRODUCT_NAME = "$(TARGET_NAME)";
			};
			name = Release;
		};
		A436DC3F28C395D6004AF7E9 /* Debug */ = {
			isa = XCBuildConfiguration;
			buildSettings = {
				CODE_SIGN_STYLE = Automatic;
				DEVELOPMENT_TEAM = UV4BPKP674;
				ENABLE_HARDENED_RUNTIME = YES;
				PRODUCT_NAME = "$(TARGET_NAME)";
			};
			name = Debug;
		};
		A436DC4028C395D6004AF7E9 /* Release */ = {
			isa = XCBuildConfiguration;
			buildSettings = {
				CODE_SIGN_STYLE = Automatic;
				DEVELOPMENT_TEAM = UV4BPKP674;
				ENABLE_HARDENED_RUNTIME = YES;
				PRODUCT_NAME = "$(TARGET_NAME)";
			};
			name = Release;
		};
		A436DC4A28C395E6004AF7E9 /* Debug */ = {
			isa = XCBuildConfiguration;
			buildSettings = {
				CODE_SIGN_STYLE = Automatic;
				DEVELOPMENT_TEAM = UV4BPKP674;
				ENABLE_HARDENED_RUNTIME = YES;
				PRODUCT_NAME = "$(TARGET_NAME)";
			};
			name = Debug;
		};
		A436DC4B28C395E6004AF7E9 /* Release */ = {
			isa = XCBuildConfiguration;
			buildSettings = {
				CODE_SIGN_STYLE = Automatic;
				DEVELOPMENT_TEAM = UV4BPKP674;
				ENABLE_HARDENED_RUNTIME = YES;
				PRODUCT_NAME = "$(TARGET_NAME)";
			};
			name = Release;
		};
		A436DC5528C3961D004AF7E9 /* Debug */ = {
			isa = XCBuildConfiguration;
			buildSettings = {
				CODE_SIGN_STYLE = Automatic;
				DEVELOPMENT_TEAM = UV4BPKP674;
				ENABLE_HARDENED_RUNTIME = YES;
				PRODUCT_NAME = "$(TARGET_NAME)";
			};
			name = Debug;
		};
		A436DC5628C3961D004AF7E9 /* Release */ = {
			isa = XCBuildConfiguration;
			buildSettings = {
				CODE_SIGN_STYLE = Automatic;
				DEVELOPMENT_TEAM = UV4BPKP674;
				ENABLE_HARDENED_RUNTIME = YES;
				PRODUCT_NAME = "$(TARGET_NAME)";
			};
			name = Release;
		};
		A436DC6028C39625004AF7E9 /* Debug */ = {
			isa = XCBuildConfiguration;
			buildSettings = {
				CODE_SIGN_STYLE = Automatic;
				DEVELOPMENT_TEAM = UV4BPKP674;
				ENABLE_HARDENED_RUNTIME = YES;
				PRODUCT_NAME = "$(TARGET_NAME)";
			};
			name = Debug;
		};
		A436DC6128C39625004AF7E9 /* Release */ = {
			isa = XCBuildConfiguration;
			buildSettings = {
				CODE_SIGN_STYLE = Automatic;
				DEVELOPMENT_TEAM = UV4BPKP674;
				ENABLE_HARDENED_RUNTIME = YES;
				PRODUCT_NAME = "$(TARGET_NAME)";
			};
			name = Release;
		};
		A436DC6B28C3962D004AF7E9 /* Debug */ = {
			isa = XCBuildConfiguration;
			buildSettings = {
				CODE_SIGN_STYLE = Automatic;
				DEVELOPMENT_TEAM = UV4BPKP674;
				ENABLE_HARDENED_RUNTIME = YES;
				PRODUCT_NAME = "$(TARGET_NAME)";
			};
			name = Debug;
		};
		A436DC6C28C3962D004AF7E9 /* Release */ = {
			isa = XCBuildConfiguration;
			buildSettings = {
				CODE_SIGN_STYLE = Automatic;
				DEVELOPMENT_TEAM = UV4BPKP674;
				ENABLE_HARDENED_RUNTIME = YES;
				PRODUCT_NAME = "$(TARGET_NAME)";
			};
			name = Release;
		};
		A436DC7628C3963B004AF7E9 /* Debug */ = {
			isa = XCBuildConfiguration;
			buildSettings = {
				CODE_SIGN_STYLE = Automatic;
				DEVELOPMENT_TEAM = UV4BPKP674;
				ENABLE_HARDENED_RUNTIME = YES;
				PRODUCT_NAME = "$(TARGET_NAME)";
			};
			name = Debug;
		};
		A436DC7728C3963B004AF7E9 /* Release */ = {
			isa = XCBuildConfiguration;
			buildSettings = {
				CODE_SIGN_STYLE = Automatic;
				DEVELOPMENT_TEAM = UV4BPKP674;
				ENABLE_HARDENED_RUNTIME = YES;
				PRODUCT_NAME = "$(TARGET_NAME)";
			};
			name = Release;
		};
		A436DC8128C39642004AF7E9 /* Debug */ = {
			isa = XCBuildConfiguration;
			buildSettings = {
				CODE_SIGN_STYLE = Automatic;
				DEVELOPMENT_TEAM = UV4BPKP674;
				ENABLE_HARDENED_RUNTIME = YES;
				PRODUCT_NAME = "$(TARGET_NAME)";
			};
			name = Debug;
		};
		A436DC8228C39642004AF7E9 /* Release */ = {
			isa = XCBuildConfiguration;
			buildSettings = {
				CODE_SIGN_STYLE = Automatic;
				DEVELOPMENT_TEAM = UV4BPKP674;
				ENABLE_HARDENED_RUNTIME = YES;
				PRODUCT_NAME = "$(TARGET_NAME)";
			};
			name = Release;
		};
		A4A19DEE28C38B4600C819D5 /* Debug */ = {
			isa = XCBuildConfiguration;
			buildSettings = {
				ALWAYS_SEARCH_USER_PATHS = NO;
				CLANG_ANALYZER_NONNULL = YES;
				CLANG_ANALYZER_NUMBER_OBJECT_CONVERSION = YES_AGGRESSIVE;
				CLANG_CXX_LANGUAGE_STANDARD = "gnu++17";
				CLANG_ENABLE_MODULES = YES;
				CLANG_ENABLE_OBJC_ARC = YES;
				CLANG_ENABLE_OBJC_WEAK = YES;
				CLANG_WARN_BLOCK_CAPTURE_AUTORELEASING = YES;
				CLANG_WARN_BOOL_CONVERSION = YES;
				CLANG_WARN_COMMA = YES;
				CLANG_WARN_CONSTANT_CONVERSION = YES;
				CLANG_WARN_DEPRECATED_OBJC_IMPLEMENTATIONS = YES;
				CLANG_WARN_DIRECT_OBJC_ISA_USAGE = YES_ERROR;
				CLANG_WARN_DOCUMENTATION_COMMENTS = YES;
				CLANG_WARN_EMPTY_BODY = YES;
				CLANG_WARN_ENUM_CONVERSION = YES;
				CLANG_WARN_INFINITE_RECURSION = YES;
				CLANG_WARN_INT_CONVERSION = YES;
				CLANG_WARN_NON_LITERAL_NULL_CONVERSION = YES;
				CLANG_WARN_OBJC_IMPLICIT_RETAIN_SELF = YES;
				CLANG_WARN_OBJC_LITERAL_CONVERSION = YES;
				CLANG_WARN_OBJC_ROOT_CLASS = YES_ERROR;
				CLANG_WARN_QUOTED_INCLUDE_IN_FRAMEWORK_HEADER = YES;
				CLANG_WARN_RANGE_LOOP_ANALYSIS = YES;
				CLANG_WARN_STRICT_PROTOTYPES = YES;
				CLANG_WARN_SUSPICIOUS_MOVE = YES;
				CLANG_WARN_UNGUARDED_AVAILABILITY = YES_AGGRESSIVE;
				CLANG_WARN_UNREACHABLE_CODE = YES;
				CLANG_WARN__DUPLICATE_METHOD_MATCH = YES;
				COPY_PHASE_STRIP = NO;
				DEBUG_INFORMATION_FORMAT = dwarf;
				ENABLE_STRICT_OBJC_MSGSEND = YES;
				ENABLE_TESTABILITY = YES;
				GCC_C_LANGUAGE_STANDARD = gnu11;
				GCC_DYNAMIC_NO_PIC = NO;
				GCC_NO_COMMON_BLOCKS = YES;
				GCC_OPTIMIZATION_LEVEL = 0;
				GCC_PREPROCESSOR_DEFINITIONS = (
					"DEBUG=1",
					"$(inherited)",
				);
				GCC_WARN_64_TO_32_BIT_CONVERSION = YES;
				GCC_WARN_ABOUT_RETURN_TYPE = YES_ERROR;
				GCC_WARN_UNDECLARED_SELECTOR = YES;
				GCC_WARN_UNINITIALIZED_AUTOS = YES_AGGRESSIVE;
				GCC_WARN_UNUSED_FUNCTION = YES;
				GCC_WARN_UNUSED_VARIABLE = YES;
				MACOSX_DEPLOYMENT_TARGET = 12.3;
				MTL_ENABLE_DEBUG_INFO = INCLUDE_SOURCE;
				MTL_FAST_MATH = YES;
				ONLY_ACTIVE_ARCH = YES;
				SDKROOT = macosx;
			};
			name = Debug;
		};
		A4A19DEF28C38B4600C819D5 /* Release */ = {
			isa = XCBuildConfiguration;
			buildSettings = {
				ALWAYS_SEARCH_USER_PATHS = NO;
				CLANG_ANALYZER_NONNULL = YES;
				CLANG_ANALYZER_NUMBER_OBJECT_CONVERSION = YES_AGGRESSIVE;
				CLANG_CXX_LANGUAGE_STANDARD = "gnu++17";
				CLANG_ENABLE_MODULES = YES;
				CLANG_ENABLE_OBJC_ARC = YES;
				CLANG_ENABLE_OBJC_WEAK = YES;
				CLANG_WARN_BLOCK_CAPTURE_AUTORELEASING = YES;
				CLANG_WARN_BOOL_CONVERSION = YES;
				CLANG_WARN_COMMA = YES;
				CLANG_WARN_CONSTANT_CONVERSION = YES;
				CLANG_WARN_DEPRECATED_OBJC_IMPLEMENTATIONS = YES;
				CLANG_WARN_DIRECT_OBJC_ISA_USAGE = YES_ERROR;
				CLANG_WARN_DOCUMENTATION_COMMENTS = YES;
				CLANG_WARN_EMPTY_BODY = YES;
				CLANG_WARN_ENUM_CONVERSION = YES;
				CLANG_WARN_INFINITE_RECURSION = YES;
				CLANG_WARN_INT_CONVERSION = YES;
				CLANG_WARN_NON_LITERAL_NULL_CONVERSION = YES;
				CLANG_WARN_OBJC_IMPLICIT_RETAIN_SELF = YES;
				CLANG_WARN_OBJC_LITERAL_CONVERSION = YES;
				CLANG_WARN_OBJC_ROOT_CLASS = YES_ERROR;
				CLANG_WARN_QUOTED_INCLUDE_IN_FRAMEWORK_HEADER = YES;
				CLANG_WARN_RANGE_LOOP_ANALYSIS = YES;
				CLANG_WARN_STRICT_PROTOTYPES = YES;
				CLANG_WARN_SUSPICIOUS_MOVE = YES;
				CLANG_WARN_UNGUARDED_AVAILABILITY = YES_AGGRESSIVE;
				CLANG_WARN_UNREACHABLE_CODE = YES;
				CLANG_WARN__DUPLICATE_METHOD_MATCH = YES;
				COPY_PHASE_STRIP = NO;
				DEBUG_INFORMATION_FORMAT = "dwarf-with-dsym";
				ENABLE_NS_ASSERTIONS = NO;
				ENABLE_STRICT_OBJC_MSGSEND = YES;
				GCC_C_LANGUAGE_STANDARD = gnu11;
				GCC_NO_COMMON_BLOCKS = YES;
				GCC_WARN_64_TO_32_BIT_CONVERSION = YES;
				GCC_WARN_ABOUT_RETURN_TYPE = YES_ERROR;
				GCC_WARN_UNDECLARED_SELECTOR = YES;
				GCC_WARN_UNINITIALIZED_AUTOS = YES_AGGRESSIVE;
				GCC_WARN_UNUSED_FUNCTION = YES;
				GCC_WARN_UNUSED_VARIABLE = YES;
				MACOSX_DEPLOYMENT_TARGET = 12.3;
				MTL_ENABLE_DEBUG_INFO = NO;
				MTL_FAST_MATH = YES;
				SDKROOT = macosx;
			};
			name = Release;
		};
		A4A19DF128C38B4600C819D5 /* Debug */ = {
			isa = XCBuildConfiguration;
			buildSettings = {
				CODE_SIGN_STYLE = Automatic;
				DEVELOPMENT_TEAM = UV4BPKP674;
				ENABLE_HARDENED_RUNTIME = YES;
				PRODUCT_NAME = "$(TARGET_NAME)";
			};
			name = Debug;
		};
		A4A19DF228C38B4600C819D5 /* Release */ = {
			isa = XCBuildConfiguration;
			buildSettings = {
				CODE_SIGN_STYLE = Automatic;
				DEVELOPMENT_TEAM = UV4BPKP674;
				ENABLE_HARDENED_RUNTIME = YES;
				PRODUCT_NAME = "$(TARGET_NAME)";
			};
			name = Release;
		};
		A4F7ECF028C62D7F00A78E9D /* Debug */ = {
			isa = XCBuildConfiguration;
			buildSettings = {
				CODE_SIGN_STYLE = Automatic;
				DEVELOPMENT_TEAM = UV4BPKP674;
				ENABLE_HARDENED_RUNTIME = YES;
				PRODUCT_NAME = "$(TARGET_NAME)";
			};
			name = Debug;
		};
		A4F7ECF128C62D7F00A78E9D /* Release */ = {
			isa = XCBuildConfiguration;
			buildSettings = {
				CODE_SIGN_STYLE = Automatic;
				DEVELOPMENT_TEAM = UV4BPKP674;
				ENABLE_HARDENED_RUNTIME = YES;
				PRODUCT_NAME = "$(TARGET_NAME)";
			};
			name = Release;
		};
		A4F7ECFC28C6335C00A78E9D /* Debug */ = {
			isa = XCBuildConfiguration;
			buildSettings = {
				CODE_SIGN_STYLE = Automatic;
				DEVELOPMENT_TEAM = UV4BPKP674;
				ENABLE_HARDENED_RUNTIME = YES;
				PRODUCT_NAME = "$(TARGET_NAME)";
			};
			name = Debug;
		};
		A4F7ECFD28C6335C00A78E9D /* Release */ = {
			isa = XCBuildConfiguration;
			buildSettings = {
				CODE_SIGN_STYLE = Automatic;
				DEVELOPMENT_TEAM = UV4BPKP674;
				ENABLE_HARDENED_RUNTIME = YES;
				PRODUCT_NAME = "$(TARGET_NAME)";
			};
			name = Release;
		};
		A4F7ED0728C6349900A78E9D /* Debug */ = {
			isa = XCBuildConfiguration;
			buildSettings = {
				CODE_SIGN_STYLE = Automatic;
				DEVELOPMENT_TEAM = UV4BPKP674;
				ENABLE_HARDENED_RUNTIME = YES;
				PRODUCT_NAME = "$(TARGET_NAME)";
			};
			name = Debug;
		};
		A4F7ED0828C6349900A78E9D /* Release */ = {
			isa = XCBuildConfiguration;
			buildSettings = {
				CODE_SIGN_STYLE = Automatic;
				DEVELOPMENT_TEAM = UV4BPKP674;
				ENABLE_HARDENED_RUNTIME = YES;
				PRODUCT_NAME = "$(TARGET_NAME)";
			};
			name = Release;
		};
/* End XCBuildConfiguration section */

/* Begin XCConfigurationList section */
		A4229AEE28C4D8CD00303558 /* Build configuration list for PBXNativeTarget "03_01" */ = {
			isa = XCConfigurationList;
			buildConfigurations = (
				A4229AEF28C4D8CD00303558 /* Debug */,
				A4229AF028C4D8CD00303558 /* Release */,
			);
			defaultConfigurationIsVisible = 0;
			defaultConfigurationName = Release;
		};
		A4229B0428C4D91C00303558 /* Build configuration list for PBXNativeTarget "03_02" */ = {
			isa = XCConfigurationList;
			buildConfigurations = (
				A4229B0528C4D91C00303558 /* Debug */,
				A4229B0628C4D91C00303558 /* Release */,
			);
			defaultConfigurationIsVisible = 0;
			defaultConfigurationName = Release;
		};
		A4229B1A28C4DA0A00303558 /* Build configuration list for PBXNativeTarget "03_03" */ = {
			isa = XCConfigurationList;
			buildConfigurations = (
				A4229B1B28C4DA0A00303558 /* Debug */,
				A4229B1C28C4DA0A00303558 /* Release */,
			);
			defaultConfigurationIsVisible = 0;
			defaultConfigurationName = Release;
		};
		A4229B3128C4DB2000303558 /* Build configuration list for PBXNativeTarget "03_04" */ = {
			isa = XCConfigurationList;
			buildConfigurations = (
				A4229B3228C4DB2000303558 /* Debug */,
				A4229B3328C4DB2000303558 /* Release */,
			);
			defaultConfigurationIsVisible = 0;
			defaultConfigurationName = Release;
		};
		A4229B4728C4DBCB00303558 /* Build configuration list for PBXNativeTarget "03_05" */ = {
			isa = XCConfigurationList;
			buildConfigurations = (
				A4229B4828C4DBCB00303558 /* Debug */,
				A4229B4928C4DBCB00303558 /* Release */,
			);
			defaultConfigurationIsVisible = 0;
			defaultConfigurationName = Release;
		};
		A436DC2A28C3944C004AF7E9 /* Build configuration list for PBXNativeTarget "01_01" */ = {
			isa = XCConfigurationList;
			buildConfigurations = (
				A436DC2828C3944C004AF7E9 /* Debug */,
				A436DC2928C3944C004AF7E9 /* Release */,
			);
			defaultConfigurationIsVisible = 0;
			defaultConfigurationName = Release;
		};
		A436DC3328C395CA004AF7E9 /* Build configuration list for PBXNativeTarget "01_02" */ = {
			isa = XCConfigurationList;
			buildConfigurations = (
				A436DC3428C395CA004AF7E9 /* Debug */,
				A436DC3528C395CA004AF7E9 /* Release */,
			);
			defaultConfigurationIsVisible = 0;
			defaultConfigurationName = Release;
		};
		A436DC3E28C395D6004AF7E9 /* Build configuration list for PBXNativeTarget "01_03" */ = {
			isa = XCConfigurationList;
			buildConfigurations = (
				A436DC3F28C395D6004AF7E9 /* Debug */,
				A436DC4028C395D6004AF7E9 /* Release */,
			);
			defaultConfigurationIsVisible = 0;
			defaultConfigurationName = Release;
		};
		A436DC4928C395E6004AF7E9 /* Build configuration list for PBXNativeTarget "01_04" */ = {
			isa = XCConfigurationList;
			buildConfigurations = (
				A436DC4A28C395E6004AF7E9 /* Debug */,
				A436DC4B28C395E6004AF7E9 /* Release */,
			);
			defaultConfigurationIsVisible = 0;
			defaultConfigurationName = Release;
		};
		A436DC5428C3961D004AF7E9 /* Build configuration list for PBXNativeTarget "02_01" */ = {
			isa = XCConfigurationList;
			buildConfigurations = (
				A436DC5528C3961D004AF7E9 /* Debug */,
				A436DC5628C3961D004AF7E9 /* Release */,
			);
			defaultConfigurationIsVisible = 0;
			defaultConfigurationName = Release;
		};
		A436DC5F28C39625004AF7E9 /* Build configuration list for PBXNativeTarget "02_02" */ = {
			isa = XCConfigurationList;
			buildConfigurations = (
				A436DC6028C39625004AF7E9 /* Debug */,
				A436DC6128C39625004AF7E9 /* Release */,
			);
			defaultConfigurationIsVisible = 0;
			defaultConfigurationName = Release;
		};
		A436DC6A28C3962D004AF7E9 /* Build configuration list for PBXNativeTarget "02_03" */ = {
			isa = XCConfigurationList;
			buildConfigurations = (
				A436DC6B28C3962D004AF7E9 /* Debug */,
				A436DC6C28C3962D004AF7E9 /* Release */,
			);
			defaultConfigurationIsVisible = 0;
			defaultConfigurationName = Release;
		};
		A436DC7528C3963B004AF7E9 /* Build configuration list for PBXNativeTarget "02_04" */ = {
			isa = XCConfigurationList;
			buildConfigurations = (
				A436DC7628C3963B004AF7E9 /* Debug */,
				A436DC7728C3963B004AF7E9 /* Release */,
			);
			defaultConfigurationIsVisible = 0;
			defaultConfigurationName = Release;
		};
		A436DC8028C39642004AF7E9 /* Build configuration list for PBXNativeTarget "02_05" */ = {
			isa = XCConfigurationList;
			buildConfigurations = (
				A436DC8128C39642004AF7E9 /* Debug */,
				A436DC8228C39642004AF7E9 /* Release */,
			);
			defaultConfigurationIsVisible = 0;
			defaultConfigurationName = Release;
		};
		A4A19DE428C38B4600C819D5 /* Build configuration list for PBXProject "ProceduralProgramming" */ = {
			isa = XCConfigurationList;
			buildConfigurations = (
				A4A19DEE28C38B4600C819D5 /* Debug */,
				A4A19DEF28C38B4600C819D5 /* Release */,
			);
			defaultConfigurationIsVisible = 0;
			defaultConfigurationName = Release;
		};
		A4A19DF028C38B4600C819D5 /* Build configuration list for PBXNativeTarget "ProceduralProgramming" */ = {
			isa = XCConfigurationList;
			buildConfigurations = (
				A4A19DF128C38B4600C819D5 /* Debug */,
				A4A19DF228C38B4600C819D5 /* Release */,
			);
			defaultConfigurationIsVisible = 0;
			defaultConfigurationName = Release;
		};
		A4F7ECF228C62D7F00A78E9D /* Build configuration list for PBXNativeTarget "04_01" */ = {
			isa = XCConfigurationList;
			buildConfigurations = (
				A4F7ECF028C62D7F00A78E9D /* Debug */,
				A4F7ECF128C62D7F00A78E9D /* Release */,
			);
			defaultConfigurationIsVisible = 0;
			defaultConfigurationName = Release;
		};
		A4F7ECFB28C6335C00A78E9D /* Build configuration list for PBXNativeTarget "04_02" */ = {
			isa = XCConfigurationList;
			buildConfigurations = (
				A4F7ECFC28C6335C00A78E9D /* Debug */,
				A4F7ECFD28C6335C00A78E9D /* Release */,
			);
			defaultConfigurationIsVisible = 0;
			defaultConfigurationName = Release;
		};
		A4F7ED0628C6349900A78E9D /* Build configuration list for PBXNativeTarget "04_03" */ = {
			isa = XCConfigurationList;
			buildConfigurations = (
				A4F7ED0728C6349900A78E9D /* Debug */,
				A4F7ED0828C6349900A78E9D /* Release */,
			);
			defaultConfigurationIsVisible = 0;
			defaultConfigurationName = Release;
		};
/* End XCConfigurationList section */
	};
	rootObject = A4A19DE128C38B4600C819D5 /* Project object */;
}
